// !$*UTF8*$!
{
	archiveVersion = 1;
	classes = {
	};
	objectVersion = 50;
	objects = {

/* Begin PBXBuildFile section */
		ACD8DE0D22FC6BA900335F31 /* AppDelegate.swift in Sources */ = {isa = PBXBuildFile; fileRef = ACD8DE0C22FC6BA900335F31 /* AppDelegate.swift */; };
		ACD8DE0F22FC6BA900335F31 /* ViewController.swift in Sources */ = {isa = PBXBuildFile; fileRef = ACD8DE0E22FC6BA900335F31 /* ViewController.swift */; };
		ACD8DE1222FC6BA900335F31 /* Main.storyboard in Resources */ = {isa = PBXBuildFile; fileRef = ACD8DE1022FC6BA900335F31 /* Main.storyboard */; };
		ACD8DE1422FC6BAA00335F31 /* Assets.xcassets in Resources */ = {isa = PBXBuildFile; fileRef = ACD8DE1322FC6BAA00335F31 /* Assets.xcassets */; };
		ACD8DE1722FC6BAA00335F31 /* LaunchScreen.storyboard in Resources */ = {isa = PBXBuildFile; fileRef = ACD8DE1522FC6BAA00335F31 /* LaunchScreen.storyboard */; };
		ACD8DE2222FC6BAA00335F31 /* FoodRatingTests.swift in Sources */ = {isa = PBXBuildFile; fileRef = ACD8DE2122FC6BAA00335F31 /* FoodRatingTests.swift */; };
		ACD8DE2D22FC6BAA00335F31 /* FoodRatingUITests.swift in Sources */ = {isa = PBXBuildFile; fileRef = ACD8DE2C22FC6BAA00335F31 /* FoodRatingUITests.swift */; };
		ACD8DE4022FC6C0200335F31 /* RatingControl.swift in Sources */ = {isa = PBXBuildFile; fileRef = ACD8DE3A22FC6C0100335F31 /* RatingControl.swift */; };
		ACD8DE4122FC6C0200335F31 /* MealTableViewCell.swift in Sources */ = {isa = PBXBuildFile; fileRef = ACD8DE3B22FC6C0100335F31 /* MealTableViewCell.swift */; };
		ACD8DE4222FC6C0200335F31 /* MealViewController.swift in Sources */ = {isa = PBXBuildFile; fileRef = ACD8DE3C22FC6C0100335F31 /* MealViewController.swift */; };
		ACD8DE4322FC6C0200335F31 /* ImageViewer.swift in Sources */ = {isa = PBXBuildFile; fileRef = ACD8DE3D22FC6C0100335F31 /* ImageViewer.swift */; };
		ACD8DE4422FC6C0200335F31 /* Meal.swift in Sources */ = {isa = PBXBuildFile; fileRef = ACD8DE3E22FC6C0100335F31 /* Meal.swift */; };
		ACD8DE4522FC6C0200335F31 /* MealTableViewController.swift in Sources */ = {isa = PBXBuildFile; fileRef = ACD8DE3F22FC6C0200335F31 /* MealTableViewController.swift */; };
/* End PBXBuildFile section */

/* Begin PBXContainerItemProxy section */
		ACD8DE1E22FC6BAA00335F31 /* PBXContainerItemProxy */ = {
			isa = PBXContainerItemProxy;
			containerPortal = ACD8DE0122FC6BA900335F31 /* Project object */;
			proxyType = 1;
			remoteGlobalIDString = ACD8DE0822FC6BA900335F31;
			remoteInfo = FoodRating;
		};
		ACD8DE2922FC6BAA00335F31 /* PBXContainerItemProxy */ = {
			isa = PBXContainerItemProxy;
			containerPortal = ACD8DE0122FC6BA900335F31 /* Project object */;
			proxyType = 1;
			remoteGlobalIDString = ACD8DE0822FC6BA900335F31;
			remoteInfo = FoodRating;
		};
/* End PBXContainerItemProxy section */

/* Begin PBXFileReference section */
		ACD8DE0922FC6BA900335F31 /* FoodRating.app */ = {isa = PBXFileReference; explicitFileType = wrapper.application; includeInIndex = 0; path = FoodRating.app; sourceTree = BUILT_PRODUCTS_DIR; };
		ACD8DE0C22FC6BA900335F31 /* AppDelegate.swift */ = {isa = PBXFileReference; lastKnownFileType = sourcecode.swift; path = AppDelegate.swift; sourceTree = "<group>"; };
		ACD8DE0E22FC6BA900335F31 /* ViewController.swift */ = {isa = PBXFileReference; lastKnownFileType = sourcecode.swift; path = ViewController.swift; sourceTree = "<group>"; };
		ACD8DE1122FC6BA900335F31 /* Base */ = {isa = PBXFileReference; lastKnownFileType = file.storyboard; name = Base; path = Base.lproj/Main.storyboard; sourceTree = "<group>"; };
		ACD8DE1322FC6BAA00335F31 /* Assets.xcassets */ = {isa = PBXFileReference; lastKnownFileType = folder.assetcatalog; path = Assets.xcassets; sourceTree = "<group>"; };
		ACD8DE1622FC6BAA00335F31 /* Base */ = {isa = PBXFileReference; lastKnownFileType = file.storyboard; name = Base; path = Base.lproj/LaunchScreen.storyboard; sourceTree = "<group>"; };
		ACD8DE1822FC6BAA00335F31 /* Info.plist */ = {isa = PBXFileReference; lastKnownFileType = text.plist.xml; path = Info.plist; sourceTree = "<group>"; };
		ACD8DE1D22FC6BAA00335F31 /* FoodRatingTests.xctest */ = {isa = PBXFileReference; explicitFileType = wrapper.cfbundle; includeInIndex = 0; path = FoodRatingTests.xctest; sourceTree = BUILT_PRODUCTS_DIR; };
		ACD8DE2122FC6BAA00335F31 /* FoodRatingTests.swift */ = {isa = PBXFileReference; lastKnownFileType = sourcecode.swift; path = FoodRatingTests.swift; sourceTree = "<group>"; };
		ACD8DE2322FC6BAA00335F31 /* Info.plist */ = {isa = PBXFileReference; lastKnownFileType = text.plist.xml; path = Info.plist; sourceTree = "<group>"; };
		ACD8DE2822FC6BAA00335F31 /* FoodRatingUITests.xctest */ = {isa = PBXFileReference; explicitFileType = wrapper.cfbundle; includeInIndex = 0; path = FoodRatingUITests.xctest; sourceTree = BUILT_PRODUCTS_DIR; };
		ACD8DE2C22FC6BAA00335F31 /* FoodRatingUITests.swift */ = {isa = PBXFileReference; lastKnownFileType = sourcecode.swift; path = FoodRatingUITests.swift; sourceTree = "<group>"; };
		ACD8DE2E22FC6BAA00335F31 /* Info.plist */ = {isa = PBXFileReference; lastKnownFileType = text.plist.xml; path = Info.plist; sourceTree = "<group>"; };
		ACD8DE3A22FC6C0100335F31 /* RatingControl.swift */ = {isa = PBXFileReference; lastKnownFileType = sourcecode.swift; path = RatingControl.swift; sourceTree = "<group>"; };
		ACD8DE3B22FC6C0100335F31 /* MealTableViewCell.swift */ = {isa = PBXFileReference; lastKnownFileType = sourcecode.swift; path = MealTableViewCell.swift; sourceTree = "<group>"; };
		ACD8DE3C22FC6C0100335F31 /* MealViewController.swift */ = {isa = PBXFileReference; lastKnownFileType = sourcecode.swift; path = MealViewController.swift; sourceTree = "<group>"; };
		ACD8DE3D22FC6C0100335F31 /* ImageViewer.swift */ = {isa = PBXFileReference; lastKnownFileType = sourcecode.swift; path = ImageViewer.swift; sourceTree = "<group>"; };
		ACD8DE3E22FC6C0100335F31 /* Meal.swift */ = {isa = PBXFileReference; lastKnownFileType = sourcecode.swift; path = Meal.swift; sourceTree = "<group>"; };
		ACD8DE3F22FC6C0200335F31 /* MealTableViewController.swift */ = {isa = PBXFileReference; lastKnownFileType = sourcecode.swift; path = MealTableViewController.swift; sourceTree = "<group>"; };
/* End PBXFileReference section */

/* Begin PBXFrameworksBuildPhase section */
		ACD8DE0622FC6BA900335F31 /* Frameworks */ = {
			isa = PBXFrameworksBuildPhase;
			buildActionMask = 2147483647;
			files = (
			);
			runOnlyForDeploymentPostprocessing = 0;
		};
		ACD8DE1A22FC6BAA00335F31 /* Frameworks */ = {
			isa = PBXFrameworksBuildPhase;
			buildActionMask = 2147483647;
			files = (
			);
			runOnlyForDeploymentPostprocessing = 0;
		};
		ACD8DE2522FC6BAA00335F31 /* Frameworks */ = {
			isa = PBXFrameworksBuildPhase;
			buildActionMask = 2147483647;
			files = (
			);
			runOnlyForDeploymentPostprocessing = 0;
		};
/* End PBXFrameworksBuildPhase section */

/* Begin PBXGroup section */
		ACD8DE0022FC6BA900335F31 = {
			isa = PBXGroup;
			children = (
				ACD8DE0B22FC6BA900335F31 /* FoodRating */,
				ACD8DE2022FC6BAA00335F31 /* FoodRatingTests */,
				ACD8DE2B22FC6BAA00335F31 /* FoodRatingUITests */,
				ACD8DE0A22FC6BA900335F31 /* Products */,
			);
			sourceTree = "<group>";
		};
		ACD8DE0A22FC6BA900335F31 /* Products */ = {
			isa = PBXGroup;
			children = (
				ACD8DE0922FC6BA900335F31 /* FoodRating.app */,
				ACD8DE1D22FC6BAA00335F31 /* FoodRatingTests.xctest */,
				ACD8DE2822FC6BAA00335F31 /* FoodRatingUITests.xctest */,
			);
			name = Products;
			sourceTree = "<group>";
		};
		ACD8DE0B22FC6BA900335F31 /* FoodRating */ = {
			isa = PBXGroup;
			children = (
				ACD8DE0C22FC6BA900335F31 /* AppDelegate.swift */,
				ACD8DE0E22FC6BA900335F31 /* ViewController.swift */,
				ACD8DE3D22FC6C0100335F31 /* ImageViewer.swift */,
				ACD8DE3E22FC6C0100335F31 /* Meal.swift */,
				ACD8DE3B22FC6C0100335F31 /* MealTableViewCell.swift */,
				ACD8DE3F22FC6C0200335F31 /* MealTableViewController.swift */,
				ACD8DE3C22FC6C0100335F31 /* MealViewController.swift */,
				ACD8DE3A22FC6C0100335F31 /* RatingControl.swift */,
				ACD8DE1022FC6BA900335F31 /* Main.storyboard */,
				ACD8DE1322FC6BAA00335F31 /* Assets.xcassets */,
				ACD8DE1522FC6BAA00335F31 /* LaunchScreen.storyboard */,
				ACD8DE1822FC6BAA00335F31 /* Info.plist */,
			);
			path = FoodRating;
			sourceTree = "<group>";
		};
		ACD8DE2022FC6BAA00335F31 /* FoodRatingTests */ = {
			isa = PBXGroup;
			children = (
				ACD8DE2122FC6BAA00335F31 /* FoodRatingTests.swift */,
				ACD8DE2322FC6BAA00335F31 /* Info.plist */,
			);
			path = FoodRatingTests;
			sourceTree = "<group>";
		};
		ACD8DE2B22FC6BAA00335F31 /* FoodRatingUITests */ = {
			isa = PBXGroup;
			children = (
				ACD8DE2C22FC6BAA00335F31 /* FoodRatingUITests.swift */,
				ACD8DE2E22FC6BAA00335F31 /* Info.plist */,
			);
			path = FoodRatingUITests;
			sourceTree = "<group>";
		};
/* End PBXGroup section */

/* Begin PBXNativeTarget section */
		ACD8DE0822FC6BA900335F31 /* FoodRating */ = {
			isa = PBXNativeTarget;
			buildConfigurationList = ACD8DE3122FC6BAA00335F31 /* Build configuration list for PBXNativeTarget "FoodRating" */;
			buildPhases = (
				ACD8DE0522FC6BA900335F31 /* Sources */,
				ACD8DE0622FC6BA900335F31 /* Frameworks */,
				ACD8DE0722FC6BA900335F31 /* Resources */,
			);
			buildRules = (
			);
			dependencies = (
			);
			name = FoodRating;
			productName = FoodRating;
			productReference = ACD8DE0922FC6BA900335F31 /* FoodRating.app */;
			productType = "com.apple.product-type.application";
		};
		ACD8DE1C22FC6BAA00335F31 /* FoodRatingTests */ = {
			isa = PBXNativeTarget;
			buildConfigurationList = ACD8DE3422FC6BAA00335F31 /* Build configuration list for PBXNativeTarget "FoodRatingTests" */;
			buildPhases = (
				ACD8DE1922FC6BAA00335F31 /* Sources */,
				ACD8DE1A22FC6BAA00335F31 /* Frameworks */,
				ACD8DE1B22FC6BAA00335F31 /* Resources */,
			);
			buildRules = (
			);
			dependencies = (
				ACD8DE1F22FC6BAA00335F31 /* PBXTargetDependency */,
			);
			name = FoodRatingTests;
			productName = FoodRatingTests;
			productReference = ACD8DE1D22FC6BAA00335F31 /* FoodRatingTests.xctest */;
			productType = "com.apple.product-type.bundle.unit-test";
		};
		ACD8DE2722FC6BAA00335F31 /* FoodRatingUITests */ = {
			isa = PBXNativeTarget;
			buildConfigurationList = ACD8DE3722FC6BAA00335F31 /* Build configuration list for PBXNativeTarget "FoodRatingUITests" */;
			buildPhases = (
				ACD8DE2422FC6BAA00335F31 /* Sources */,
				ACD8DE2522FC6BAA00335F31 /* Frameworks */,
				ACD8DE2622FC6BAA00335F31 /* Resources */,
			);
			buildRules = (
			);
			dependencies = (
				ACD8DE2A22FC6BAA00335F31 /* PBXTargetDependency */,
			);
			name = FoodRatingUITests;
			productName = FoodRatingUITests;
			productReference = ACD8DE2822FC6BAA00335F31 /* FoodRatingUITests.xctest */;
			productType = "com.apple.product-type.bundle.ui-testing";
		};
/* End PBXNativeTarget section */

/* Begin PBXProject section */
		ACD8DE0122FC6BA900335F31 /* Project object */ = {
			isa = PBXProject;
			attributes = {
				LastSwiftUpdateCheck = 1010;
				LastUpgradeCheck = 1010;
				ORGANIZATIONNAME = "Quinton Quaye";
				TargetAttributes = {
					ACD8DE0822FC6BA900335F31 = {
						CreatedOnToolsVersion = 10.1;
					};
					ACD8DE1C22FC6BAA00335F31 = {
						CreatedOnToolsVersion = 10.1;
						TestTargetID = ACD8DE0822FC6BA900335F31;
					};
					ACD8DE2722FC6BAA00335F31 = {
						CreatedOnToolsVersion = 10.1;
						TestTargetID = ACD8DE0822FC6BA900335F31;
					};
				};
			};
			buildConfigurationList = ACD8DE0422FC6BA900335F31 /* Build configuration list for PBXProject "FoodRating" */;
			compatibilityVersion = "Xcode 9.3";
			developmentRegion = en;
			hasScannedForEncodings = 0;
			knownRegions = (
				en,
				Base,
			);
			mainGroup = ACD8DE0022FC6BA900335F31;
			productRefGroup = ACD8DE0A22FC6BA900335F31 /* Products */;
			projectDirPath = "";
			projectRoot = "";
			targets = (
				ACD8DE0822FC6BA900335F31 /* FoodRating */,
				ACD8DE1C22FC6BAA00335F31 /* FoodRatingTests */,
				ACD8DE2722FC6BAA00335F31 /* FoodRatingUITests */,
			);
		};
/* End PBXProject section */

/* Begin PBXResourcesBuildPhase section */
		ACD8DE0722FC6BA900335F31 /* Resources */ = {
			isa = PBXResourcesBuildPhase;
			buildActionMask = 2147483647;
			files = (
				ACD8DE1722FC6BAA00335F31 /* LaunchScreen.storyboard in Resources */,
				ACD8DE1422FC6BAA00335F31 /* Assets.xcassets in Resources */,
				ACD8DE1222FC6BA900335F31 /* Main.storyboard in Resources */,
			);
			runOnlyForDeploymentPostprocessing = 0;
		};
		ACD8DE1B22FC6BAA00335F31 /* Resources */ = {
			isa = PBXResourcesBuildPhase;
			buildActionMask = 2147483647;
			files = (
			);
			runOnlyForDeploymentPostprocessing = 0;
		};
		ACD8DE2622FC6BAA00335F31 /* Resources */ = {
			isa = PBXResourcesBuildPhase;
			buildActionMask = 2147483647;
			files = (
			);
			runOnlyForDeploymentPostprocessing = 0;
		};
/* End PBXResourcesBuildPhase section */

/* Begin PBXSourcesBuildPhase section */
		ACD8DE0522FC6BA900335F31 /* Sources */ = {
			isa = PBXSourcesBuildPhase;
			buildActionMask = 2147483647;
			files = (
				ACD8DE4122FC6C0200335F31 /* MealTableViewCell.swift in Sources */,
				ACD8DE4222FC6C0200335F31 /* MealViewController.swift in Sources */,
				ACD8DE4422FC6C0200335F31 /* Meal.swift in Sources */,
				ACD8DE0F22FC6BA900335F31 /* ViewController.swift in Sources */,
				ACD8DE4322FC6C0200335F31 /* ImageViewer.swift in Sources */,
				ACD8DE4022FC6C0200335F31 /* RatingControl.swift in Sources */,
				ACD8DE4522FC6C0200335F31 /* MealTableViewController.swift in Sources */,
				ACD8DE0D22FC6BA900335F31 /* AppDelegate.swift in Sources */,
			);
			runOnlyForDeploymentPostprocessing = 0;
		};
		ACD8DE1922FC6BAA00335F31 /* Sources */ = {
			isa = PBXSourcesBuildPhase;
			buildActionMask = 2147483647;
			files = (
				ACD8DE2222FC6BAA00335F31 /* FoodRatingTests.swift in Sources */,
			);
			runOnlyForDeploymentPostprocessing = 0;
		};
		ACD8DE2422FC6BAA00335F31 /* Sources */ = {
			isa = PBXSourcesBuildPhase;
			buildActionMask = 2147483647;
			files = (
				ACD8DE2D22FC6BAA00335F31 /* FoodRatingUITests.swift in Sources */,
			);
			runOnlyForDeploymentPostprocessing = 0;
		};
/* End PBXSourcesBuildPhase section */

/* Begin PBXTargetDependency section */
		ACD8DE1F22FC6BAA00335F31 /* PBXTargetDependency */ = {
			isa = PBXTargetDependency;
			target = ACD8DE0822FC6BA900335F31 /* FoodRating */;
			targetProxy = ACD8DE1E22FC6BAA00335F31 /* PBXContainerItemProxy */;
		};
		ACD8DE2A22FC6BAA00335F31 /* PBXTargetDependency */ = {
			isa = PBXTargetDependency;
			target = ACD8DE0822FC6BA900335F31 /* FoodRating */;
			targetProxy = ACD8DE2922FC6BAA00335F31 /* PBXContainerItemProxy */;
		};
/* End PBXTargetDependency section */

/* Begin PBXVariantGroup section */
		ACD8DE1022FC6BA900335F31 /* Main.storyboard */ = {
			isa = PBXVariantGroup;
			children = (
				ACD8DE1122FC6BA900335F31 /* Base */,
			);
			name = Main.storyboard;
			sourceTree = "<group>";
		};
		ACD8DE1522FC6BAA00335F31 /* LaunchScreen.storyboard */ = {
			isa = PBXVariantGroup;
			children = (
				ACD8DE1622FC6BAA00335F31 /* Base */,
			);
			name = LaunchScreen.storyboard;
			sourceTree = "<group>";
		};
/* End PBXVariantGroup section */

/* Begin XCBuildConfiguration section */
		ACD8DE2F22FC6BAA00335F31 /* Debug */ = {
			isa = XCBuildConfiguration;
			buildSettings = {
				ALWAYS_SEARCH_USER_PATHS = NO;
				CLANG_ANALYZER_NONNULL = YES;
				CLANG_ANALYZER_NUMBER_OBJECT_CONVERSION = YES_AGGRESSIVE;
				CLANG_CXX_LANGUAGE_STANDARD = "gnu++14";
				CLANG_CXX_LIBRARY = "libc++";
				CLANG_ENABLE_MODULES = YES;
				CLANG_ENABLE_OBJC_ARC = YES;
				CLANG_ENABLE_OBJC_WEAK = YES;
				CLANG_WARN_BLOCK_CAPTURE_AUTORELEASING = YES;
				CLANG_WARN_BOOL_CONVERSION = YES;
				CLANG_WARN_COMMA = YES;
				CLANG_WARN_CONSTANT_CONVERSION = YES;
				CLANG_WARN_DEPRECATED_OBJC_IMPLEMENTATIONS = YES;
				CLANG_WARN_DIRECT_OBJC_ISA_USAGE = YES_ERROR;
				CLANG_WARN_DOCUMENTATION_COMMENTS = YES;
				CLANG_WARN_EMPTY_BODY = YES;
				CLANG_WARN_ENUM_CONVERSION = YES;
				CLANG_WARN_INFINITE_RECURSION = YES;
				CLANG_WARN_INT_CONVERSION = YES;
				CLANG_WARN_NON_LITERAL_NULL_CONVERSION = YES;
				CLANG_WARN_OBJC_IMPLICIT_RETAIN_SELF = YES;
				CLANG_WARN_OBJC_LITERAL_CONVERSION = YES;
				CLANG_WARN_OBJC_ROOT_CLASS = YES_ERROR;
				CLANG_WARN_RANGE_LOOP_ANALYSIS = YES;
				CLANG_WARN_STRICT_PROTOTYPES = YES;
				CLANG_WARN_SUSPICIOUS_MOVE = YES;
				CLANG_WARN_UNGUARDED_AVAILABILITY = YES_AGGRESSIVE;
				CLANG_WARN_UNREACHABLE_CODE = YES;
				CLANG_WARN__DUPLICATE_METHOD_MATCH = YES;
				CODE_SIGN_IDENTITY = "iPhone Developer";
				COPY_PHASE_STRIP = NO;
				DEBUG_INFORMATION_FORMAT = dwarf;
				ENABLE_STRICT_OBJC_MSGSEND = YES;
				ENABLE_TESTABILITY = YES;
				GCC_C_LANGUAGE_STANDARD = gnu11;
				GCC_DYNAMIC_NO_PIC = NO;
				GCC_NO_COMMON_BLOCKS = YES;
				GCC_OPTIMIZATION_LEVEL = 0;
				GCC_PREPROCESSOR_DEFINITIONS = (
					"DEBUG=1",
					"$(inherited)",
				);
				GCC_WARN_64_TO_32_BIT_CONVERSION = YES;
				GCC_WARN_ABOUT_RETURN_TYPE = YES_ERROR;
				GCC_WARN_UNDECLARED_SELECTOR = YES;
				GCC_WARN_UNINITIALIZED_AUTOS = YES_AGGRESSIVE;
				GCC_WARN_UNUSED_FUNCTION = YES;
				GCC_WARN_UNUSED_VARIABLE = YES;
				IPHONEOS_DEPLOYMENT_TARGET = 12.1;
				MTL_ENABLE_DEBUG_INFO = INCLUDE_SOURCE;
				MTL_FAST_MATH = YES;
				ONLY_ACTIVE_ARCH = YES;
				SDKROOT = iphoneos;
				SWIFT_ACTIVE_COMPILATION_CONDITIONS = DEBUG;
				SWIFT_OPTIMIZATION_LEVEL = "-Onone";
			};
			name = Debug;
		};
		ACD8DE3022FC6BAA00335F31 /* Release */ = {
			isa = XCBuildConfiguration;
			buildSettings = {
				ALWAYS_SEARCH_USER_PATHS = NO;
				CLANG_ANALYZER_NONNULL = YES;
				CLANG_ANALYZER_NUMBER_OBJECT_CONVERSION = YES_AGGRESSIVE;
				CLANG_CXX_LANGUAGE_STANDARD = "gnu++14";
				CLANG_CXX_LIBRARY = "libc++";
				CLANG_ENABLE_MODULES = YES;
				CLANG_ENABLE_OBJC_ARC = YES;
				CLANG_ENABLE_OBJC_WEAK = YES;
				CLANG_WARN_BLOCK_CAPTURE_AUTORELEASING = YES;
				CLANG_WARN_BOOL_CONVERSION = YES;
				CLANG_WARN_COMMA = YES;
				CLANG_WARN_CONSTANT_CONVERSION = YES;
				CLANG_WARN_DEPRECATED_OBJC_IMPLEMENTATIONS = YES;
				CLANG_WARN_DIRECT_OBJC_ISA_USAGE = YES_ERROR;
				CLANG_WARN_DOCUMENTATION_COMMENTS = YES;
				CLANG_WARN_EMPTY_BODY = YES;
				CLANG_WARN_ENUM_CONVERSION = YES;
				CLANG_WARN_INFINITE_RECURSION = YES;
				CLANG_WARN_INT_CONVERSION = YES;
				CLANG_WARN_NON_LITERAL_NULL_CONVERSION = YES;
				CLANG_WARN_OBJC_IMPLICIT_RETAIN_SELF = YES;
				CLANG_WARN_OBJC_LITERAL_CONVERSION = YES;
				CLANG_WARN_OBJC_ROOT_CLASS = YES_ERROR;
				CLANG_WARN_RANGE_LOOP_ANALYSIS = YES;
				CLANG_WARN_STRICT_PROTOTYPES = YES;
				CLANG_WARN_SUSPICIOUS_MOVE = YES;
				CLANG_WARN_UNGUARDED_AVAILABILITY = YES_AGGRESSIVE;
				CLANG_WARN_UNREACHABLE_CODE = YES;
				CLANG_WARN__DUPLICATE_METHOD_MATCH = YES;
				CODE_SIGN_IDENTITY = "iPhone Developer";
				COPY_PHASE_STRIP = NO;
				DEBUG_INFORMATION_FORMAT = "dwarf-with-dsym";
				ENABLE_NS_ASSERTIONS = NO;
				ENABLE_STRICT_OBJC_MSGSEND = YES;
				GCC_C_LANGUAGE_STANDARD = gnu11;
				GCC_NO_COMMON_BLOCKS = YES;
				GCC_WARN_64_TO_32_BIT_CONVERSION = YES;
				GCC_WARN_ABOUT_RETURN_TYPE = YES_ERROR;
				GCC_WARN_UNDECLARED_SELECTOR = YES;
				GCC_WARN_UNINITIALIZED_AUTOS = YES_AGGRESSIVE;
				GCC_WARN_UNUSED_FUNCTION = YES;
				GCC_WARN_UNUSED_VARIABLE = YES;
				IPHONEOS_DEPLOYMENT_TARGET = 12.1;
				MTL_ENABLE_DEBUG_INFO = NO;
				MTL_FAST_MATH = YES;
				SDKROOT = iphoneos;
				SWIFT_COMPILATION_MODE = wholemodule;
				SWIFT_OPTIMIZATION_LEVEL = "-O";
				VALIDATE_PRODUCT = YES;
			};
			name = Release;
		};
		ACD8DE3222FC6BAA00335F31 /* Debug */ = {
			isa = XCBuildConfiguration;
			buildSettings = {
				ASSETCATALOG_COMPILER_APPICON_NAME = AppIcon;
				CODE_SIGN_STYLE = Automatic;
				DEVELOPMENT_TEAM = 4JD3TEP8Z6;
				INFOPLIST_FILE = FoodRating/Info.plist;
				LD_RUNPATH_SEARCH_PATHS = (
					"$(inherited)",
					"@executable_path/Frameworks",
				);
				PRODUCT_BUNDLE_IDENTIFIER = theQ.FoodRating;
				PRODUCT_NAME = "$(TARGET_NAME)";
				SWIFT_VERSION = 4.2;
				TARGETED_DEVICE_FAMILY = "1,2";
			};
			name = Debug;
		};
		ACD8DE3322FC6BAA00335F31 /* Release */ = {
			isa = XCBuildConfiguration;
			buildSettings = {
				ASSETCATALOG_COMPILER_APPICON_NAME = AppIcon;
				CODE_SIGN_STYLE = Automatic;
				DEVELOPMENT_TEAM = 4JD3TEP8Z6;
				INFOPLIST_FILE = FoodRating/Info.plist;
				LD_RUNPATH_SEARCH_PATHS = (
					"$(inherited)",
					"@executable_path/Frameworks",
				);
				PRODUCT_BUNDLE_IDENTIFIER = theQ.FoodRating;
				PRODUCT_NAME = "$(TARGET_NAME)";
				SWIFT_VERSION = 4.2;
				TARGETED_DEVICE_FAMILY = "1,2";
			};
			name = Release;
		};
		ACD8DE3522FC6BAA00335F31 /* Debug */ = {
			isa = XCBuildConfiguration;
			buildSettings = {
				ALWAYS_EMBED_SWIFT_STANDARD_LIBRARIES = YES;
				BUNDLE_LOADER = "$(TEST_HOST)";
				CODE_SIGN_STYLE = Automatic;
				DEVELOPMENT_TEAM = 4JD3TEP8Z6;
				INFOPLIST_FILE = FoodRatingTests/Info.plist;
				LD_RUNPATH_SEARCH_PATHS = (
					"$(inherited)",
					"@executable_path/Frameworks",
					"@loader_path/Frameworks",
				);
				PRODUCT_BUNDLE_IDENTIFIER = theQ.FoodRatingTests;
				PRODUCT_NAME = "$(TARGET_NAME)";
				SWIFT_VERSION = 4.2;
				TARGETED_DEVICE_FAMILY = "1,2";
				TEST_HOST = "$(BUILT_PRODUCTS_DIR)/FoodRating.app/FoodRating";
			};
			name = Debug;
		};
		ACD8DE3622FC6BAA00335F31 /* Release */ = {
			isa = XCBuildConfiguration;
			buildSettings = {
				ALWAYS_EMBED_SWIFT_STANDARD_LIBRARIES = YES;
				BUNDLE_LOADER = "$(TEST_HOST)";
				CODE_SIGN_STYLE = Automatic;
				DEVELOPMENT_TEAM = 4JD3TEP8Z6;
				INFOPLIST_FILE = FoodRatingTests/Info.plist;
				LD_RUNPATH_SEARCH_PATHS = (
					"$(inherited)",
					"@executable_path/Frameworks",
					"@loader_path/Frameworks",
				);
				PRODUCT_BUNDLE_IDENTIFIER = theQ.FoodRatingTests;
				PRODUCT_NAME = "$(TARGET_NAME)";
				SWIFT_VERSION = 4.2;
				TARGETED_DEVICE_FAMILY = "1,2";
				TEST_HOST = "$(BUILT_PRODUCTS_DIR)/FoodRating.app/FoodRating";
			};
			name = Release;
		};
		ACD8DE3822FC6BAA00335F31 /* Debug */ = {
			isa = XCBuildConfiguration;
			buildSettings = {
				ALWAYS_EMBED_SWIFT_STANDARD_LIBRARIES = YES;
				CODE_SIGN_STYLE = Automatic;
				DEVELOPMENT_TEAM = 4JD3TEP8Z6;
				INFOPLIST_FILE = FoodRatingUITests/Info.plist;
				LD_RUNPATH_SEARCH_PATHS = (
					"$(inherited)",
					"@executable_path/Frameworks",
					"@loader_path/Frameworks",
				);
				PRODUCT_BUNDLE_IDENTIFIER = theQ.FoodRatingUITests;
				PRODUCT_NAME = "$(TARGET_NAME)";
				SWIFT_VERSION = 4.2;
				TARGETED_DEVICE_FAMILY = "1,2";
				TEST_TARGET_NAME = FoodRating;
			};
			name = Debug;
		};
		ACD8DE3922FC6BAA00335F31 /* Release */ = {
			isa = XCBuildConfiguration;
			buildSettings = {
				ALWAYS_EMBED_SWIFT_STANDARD_LIBRARIES = YES;
				CODE_SIGN_STYLE = Automatic;
				DEVELOPMENT_TEAM = 4JD3TEP8Z6;
				INFOPLIST_FILE = FoodRatingUITests/Info.plist;
				LD_RUNPATH_SEARCH_PATHS = (
					"$(inherited)",
					"@executable_path/Frameworks",
					"@loader_path/Frameworks",
				);
				PRODUCT_BUNDLE_IDENTIFIER = theQ.FoodRatingUITests;
				PRODUCT_NAME = "$(TARGET_NAME)";
				SWIFT_VERSION = 4.2;
				TARGETED_DEVICE_FAMILY = "1,2";
				TEST_TARGET_NAME = FoodRating;
			};
			name = Release;
		};
/* End XCBuildConfiguration section */

/* Begin XCConfigurationList section */
		ACD8DE0422FC6BA900335F31 /* Build configuration list for PBXProject "FoodRating" */ = {
			isa = XCConfigurationList;
			buildConfigurations = (
				ACD8DE2F22FC6BAA00335F31 /* Debug */,
				ACD8DE3022FC6BAA00335F31 /* Release */,
			);
			defaultConfigurationIsVisible = 0;
			defaultConfigurationName = Release;
		};
		ACD8DE3122FC6BAA00335F31 /* Build configuration list for PBXNativeTarget "FoodRating" */ = {
			isa = XCConfigurationList;
			buildConfigurations = (
				ACD8DE3222FC6BAA00335F31 /* Debug */,
				ACD8DE3322FC6BAA00335F31 /* Release */,
			);
			defaultConfigurationIsVisible = 0;
			defaultConfigurationName = Release;
		};
		ACD8DE3422FC6BAA00335F31 /* Build configuration list for PBXNativeTarget "FoodRatingTests" */ = {
			isa = XCConfigurationList;
			buildConfigurations = (
				ACD8DE3522FC6BAA00335F31 /* Debug */,
				ACD8DE3622FC6BAA00335F31 /* Release */,
			);
			defaultConfigurationIsVisible = 0;
			defaultConfigurationName = Release;
		};
		ACD8DE3722FC6BAA00335F31 /* Build configuration list for PBXNativeTarget "FoodRatingUITests" */ = {
			isa = XCConfigurationList;
			buildConfigurations = (
				ACD8DE3822FC6BAA00335F31 /* Debug */,
				ACD8DE3922FC6BAA00335F31 /* Release */,
			);
			defaultConfigurationIsVisible = 0;
			defaultConfigurationName = Release;
		};
/* End XCConfigurationList section */
	};
	rootObject = ACD8DE0122FC6BA900335F31 /* Project object */;
}
